
Microsoft Visual Studio Solution File, Format Version 12.00
# Visual Studio 2013
VisualStudioVersion = 12.0.30723.0
MinimumVisualStudioVersion = 10.0.40219.1
Project("{FAE04EC0-301F-11D3-BF4B-00C04F79EFBC}") = "Miracle.FileZilla.Api", "Miracle.FileZilla.Api\Miracle.FileZilla.Api.csproj", "{120D1D29-B6E2-4452-8FA7-F23E69EF29CD}"
EndProject
Project("{FAE04EC0-301F-11D3-BF4B-00C04F79EFBC}") = "Miracle.FileZilla.Api.Test", "Miracle.FileZilla.Api.Test\Miracle.FileZilla.Api.Test.csproj", "{C88E77BA-30AD-4333-8F81-BE3DDB2CF4F6}"
EndProject
Project("{2150E333-8FDC-42A3-9474-1A3956D46DE8}") = ".nuget", ".nuget", "{7884D88C-3081-4A68-A3B1-DB81056574B2}"
	ProjectSection(SolutionItems) = preProject
		.nuget\NuGet.Config = .nuget\NuGet.Config
		.nuget\NuGet.exe = .nuget\NuGet.exe
		.nuget\NuGet.targets = .nuget\NuGet.targets
	EndProjectSection
EndProject
Global
	GlobalSection(SolutionConfigurationPlatforms) = preSolution
		Debug|Any CPU = Debug|Any CPU
		Release|Any CPU = Release|Any CPU
	EndGlobalSection
	GlobalSection(ProjectConfigurationPlatforms) = postSolution
		{120D1D29-B6E2-4452-8FA7-F23E69EF29CD}.Debug|Any CPU.ActiveCfg = Debug|Any CPU
		{120D1D29-B6E2-4452-8FA7-F23E69EF29CD}.Debug|Any CPU.Build.0 = Debug|Any CPU
		{120D1D29-B6E2-4452-8FA7-F23E69EF29CD}.Release|Any CPU.ActiveCfg = Release|Any CPU
		{120D1D29-B6E2-4452-8FA7-F23E69EF29CD}.Release|Any CPU.Build.0 = Release|Any CPU
		{C88E77BA-30AD-4333-8F81-BE3DDB2CF4F6}.Debug|Any CPU.ActiveCfg = Debug|Any CPU
		{C88E77BA-30AD-4333-8F81-BE3DDB2CF4F6}.Debug|Any CPU.Build.0 = Debug|Any CPU
		{C88E77BA-30AD-4333-8F81-BE3DDB2CF4F6}.Release|Any CPU.ActiveCfg = Release|Any CPU
		{C88E77BA-30AD-4333-8F81-BE3DDB2CF4F6}.Release|Any CPU.Build.0 = Release|Any CPU
	EndGlobalSection
	GlobalSection(SolutionProperties) = preSolution
		HideSolutionNode = FALSE
	EndGlobalSection
EndGlobal
